dependencies:
- name: mariadb
  repository: https://charts.bitnami.com/bitnami
  version: 20.2.2
- name: mariadb-galera
  repository: https://charts.bitnami.com/bitnami
  version: 14.1.2
digest: sha256:84da0b9282b39930a93ad677570dd1978ed25c8bf375dd19dd659e8b5f19fffc
generated: "2025-02-03T14:43:10.097393+01:00"
